
Microsoft Visual Studio Solution File, Format Version 12.00
# Visual Studio Version 16
VisualStudioVersion = 16.0.31005.135
MinimumVisualStudioVersion = 10.0.40219.1
Project("{00D1A9C2-B5F0-4AF3-8072-F6C62B433612}") = "Exam – 13 February 2021", "Exam – 13 February 2021\Exam – 13 February 2021.sqlproj", "{0F8EA73D-85B4-4813-A7CF-5C10392EFCCF}"
EndProject
Global
	GlobalSection(SolutionConfigurationPlatforms) = preSolution
		Debug|Any CPU = Debug|Any CPU
		Release|Any CPU = Release|Any CPU
	EndGlobalSection
	GlobalSection(ProjectConfigurationPlatforms) = postSolution
		{0F8EA73D-85B4-4813-A7CF-5C10392EFCCF}.Debug|Any CPU.ActiveCfg = Debug|Any CPU
		{0F8EA73D-85B4-4813-A7CF-5C10392EFCCF}.Debug|Any CPU.Build.0 = Debug|Any CPU
		{0F8EA73D-85B4-4813-A7CF-5C10392EFCCF}.Debug|Any CPU.Deploy.0 = Debug|Any CPU
		{0F8EA73D-85B4-4813-A7CF-5C10392EFCCF}.Release|Any CPU.ActiveCfg = Release|Any CPU
		{0F8EA73D-85B4-4813-A7CF-5C10392EFCCF}.Release|Any CPU.Build.0 = Release|Any CPU
		{0F8EA73D-85B4-4813-A7CF-5C10392EFCCF}.Release|Any CPU.Deploy.0 = Release|Any CPU
	EndGlobalSection
	GlobalSection(SolutionProperties) = preSolution
		HideSolutionNode = FALSE
	EndGlobalSection
	GlobalSection(ExtensibilityGlobals) = postSolution
		SolutionGuid = {BC60EB5E-BC35-4ED3-9619-1D6547693B9C}
	EndGlobalSection
EndGlobal
